# Generated by conda-lock.
# platform: linux-64
# input_hash: 49d1f8b5d5ce8cdb232910857c7ce2bab30090e759b2a3b5c3ba58d454f9a905
@EXPLICIT
https://conda.anaconda.org/conda-forge/linux-64/_libgcc_mutex-0.1-conda_forge.tar.bz2#d7c89558ba9fa0495403155b64376d81
https://conda.anaconda.org/conda-forge/linux-64/ca-certificates-2023.5.7-hbcca054_0.conda#f5c65075fc34438d5b456c7f3f5ab695
https://conda.anaconda.org/nvidia/linux-64/cuda-cudart-11.7.99-0.tar.bz2#79859ac9109109826d77e5e2bbbe18b5
https://conda.anaconda.org/nvidia/linux-64/cuda-cupti-11.7.101-0.tar.bz2#099e29408a247a0a50bc976dc5e716b0
https://conda.anaconda.org/nvidia/linux-64/cuda-nvrtc-11.7.99-0.tar.bz2#f56ebbd9aa130d0fae45079d8bf76617
https://conda.anaconda.org/nvidia/linux-64/cuda-nvtx-11.7.91-0.tar.bz2#87381e82875d3b341e2d48a5c4d26e2b
https://conda.anaconda.org/conda-forge/linux-64/ld_impl_linux-64-2.40-h41732ed_0.conda#7aca3059a1729aa76c597603f10b0dd3
https://conda.anaconda.org/nvidia/linux-64/libcublas-11.10.3.66-0.tar.bz2#1d3211d2deb549b84f6fdaf96f7cbb88
https://conda.anaconda.org/nvidia/linux-64/libcufft-10.7.2.124-h4fbf590_0.tar.bz2#dc69f1daa40372e9b869064ab926ee26
https://conda.anaconda.org/nvidia/linux-64/libcufile-1.6.1.9-0.tar.bz2#45b4fa3189d9d326367497cda7ef6ace
https://conda.anaconda.org/nvidia/linux-64/libcurand-10.3.2.106-0.tar.bz2#7a790d8cff49b91c7ca38c87c8c99b15
https://conda.anaconda.org/nvidia/linux-64/libcusolver-11.4.0.1-0.tar.bz2#c4de49e8b2f01065962f2fec81fb7058
https://conda.anaconda.org/nvidia/linux-64/libcusparse-11.7.4.91-0.tar.bz2#9ca85f813fbc5e8b811a1ad4ca451911
https://conda.anaconda.org/nvidia/linux-64/libnpp-11.7.4.75-0.tar.bz2#0a55ecd0b813fe5774ede297007e5413
https://conda.anaconda.org/nvidia/linux-64/libnvjpeg-11.8.0.2-0.tar.bz2#32a0a604688ee485878887ff4c086f77
https://conda.anaconda.org/conda-forge/linux-64/libstdcxx-ng-13.1.0-hfd8a6a1_0.conda#067bcc23164642f4c226da631f2a2e1d
https://conda.anaconda.org/conda-forge/linux-64/python_abi-3.10-3_cp310.conda#4eb33d14d794b0f4be116443ffed3853
https://conda.anaconda.org/pytorch/noarch/pytorch-mutex-1.0-cuda.tar.bz2#a948316e36fb5b11223b3fcfa93f8358
https://conda.anaconda.org/conda-forge/noarch/tzdata-2023c-h71feb2d_0.conda#939e3e74d8be4dac89ce83b20de2492a
https://conda.anaconda.org/nvidia/linux-64/cuda-libraries-11.7.1-0.tar.bz2#6fc99cc9d2e7d6d2da1c10c5e140ab8c
https://conda.anaconda.org/nvidia/linux-64/cuda-runtime-11.7.1-0.tar.bz2#e88cf61af312d2621a0224d431be511b
https://conda.anaconda.org/pytorch/linux-64/pytorch-cuda-11.7-h778d358_5.tar.bz2#bba2918836f9fe6c1b518256dda67dee
https://conda.anaconda.org/conda-forge/linux-64/_openmp_mutex-4.5-2_kmp_llvm.tar.bz2#562b26ba2e19059551a811e72ab7f793
https://conda.anaconda.org/conda-forge/linux-64/libgcc-ng-13.1.0-he5830b7_0.conda#cd93f779ff018dd85c7544c015c9db3c
https://conda.anaconda.org/conda-forge/linux-64/bzip2-1.0.8-h7f98852_4.tar.bz2#a1fd65c7ccbf10880423d82bca54eb54
https://conda.anaconda.org/nvidia/linux-64/cudatoolkit-11.7.0-hd8887f6_10.tar.bz2#fa317a2c53e40808fbeeeb2800519616
https://conda.anaconda.org/conda-forge/linux-64/gettext-0.21.1-h27087fc_0.tar.bz2#14947d8770185e5153fdd04d4673ed37
https://conda.anaconda.org/conda-forge/linux-64/gmp-6.2.1-h58526e2_0.tar.bz2#b94cf2db16066b242ebd26db2facbd56
https://conda.anaconda.org/conda-forge/linux-64/icu-72.1-hcb278e6_0.conda#7c8d20d847bb45f56bd941578fcfa146
https://conda.anaconda.org/conda-forge/linux-64/jpeg-9e-h0b41bf4_3.conda#c7a069243e1fbe9a556ed2ec030e6407
https://conda.anaconda.org/conda-forge/linux-64/lame-3.100-h166bdaf_1003.tar.bz2#a8832b479f93521a9e7b5b743803be51
https://conda.anaconda.org/conda-forge/linux-64/lerc-4.0.0-h27087fc_0.tar.bz2#76bbff344f0134279f225174e9064c8f
https://conda.anaconda.org/conda-forge/linux-64/libdeflate-1.17-h0b41bf4_0.conda#5cc781fd91968b11a8a7fdbee0982676
https://conda.anaconda.org/conda-forge/linux-64/libexpat-2.5.0-hcb278e6_1.conda#6305a3dd2752c76335295da4e581f2fd
https://conda.anaconda.org/conda-forge/linux-64/libffi-3.4.2-h7f98852_5.tar.bz2#d645c6d2ac96843a2bfaccd2d62b3ac3
https://conda.anaconda.org/conda-forge/linux-64/libiconv-1.17-h166bdaf_0.tar.bz2#b62b52da46c39ee2bc3c162ac7f1804d
https://conda.anaconda.org/conda-forge/linux-64/libnsl-2.0.0-h7f98852_0.tar.bz2#39b1328babf85c7c3a61636d9cd50206
https://conda.anaconda.org/conda-forge/linux-64/libuuid-2.38.1-h0b41bf4_0.conda#40b61aab5c7ba9ff276c41cfffe6b80b
https://conda.anaconda.org/conda-forge/linux-64/libwebp-base-1.3.0-h0b41bf4_0.conda#0d4a7508d8c6c65314f2b9c1f56ad408
https://conda.anaconda.org/conda-forge/linux-64/libzlib-1.2.13-h166bdaf_4.tar.bz2#f3f9de449d32ca9b9c66a22863c96f41
https://conda.anaconda.org/conda-forge/linux-64/ncurses-6.4-hcb278e6_0.conda#681105bccc2a3f7f1a837d47d39c9179
https://conda.anaconda.org/conda-forge/linux-64/nettle-3.6-he412f7d_0.tar.bz2#f050099af540c1c960c813b06bca89ad
https://conda.anaconda.org/conda-forge/linux-64/openssl-3.1.1-hd590300_1.conda#2e1d7b458ac8f1e3ca4e18b77add6277
https://conda.anaconda.org/conda-forge/linux-64/pthread-stubs-0.4-h36c2ea0_1001.tar.bz2#22dad4df6e8630e8dff2428f6f6a7036
https://conda.anaconda.org/conda-forge/linux-64/xorg-libxau-1.0.11-hd590300_0.conda#2c80dc38fface310c9bd81b17037fee5
https://conda.anaconda.org/conda-forge/linux-64/xorg-libxdmcp-1.1.3-h7f98852_0.tar.bz2#be93aabceefa2fac576e971aef407908
https://conda.anaconda.org/conda-forge/linux-64/xz-5.2.6-h166bdaf_0.tar.bz2#2161070d867d1b1204ea749c8eec4ef0
https://conda.anaconda.org/conda-forge/linux-64/yaml-0.2.5-h7f98852_2.tar.bz2#4cb3ad778ec2d5a7acbdf254eb1c42ae
https://conda.anaconda.org/conda-forge/linux-64/expat-2.5.0-hcb278e6_1.conda#8b9b5aca60558d02ddaa09d599e55920
https://conda.anaconda.org/conda-forge/linux-64/gnutls-3.6.13-h85f3911_1.tar.bz2#7d1b6fff16c1431d96cb4934938799fd
https://conda.anaconda.org/conda-forge/linux-64/libpng-1.6.39-h753d276_0.conda#e1c890aebdebbfbf87e2c917187b4416
https://conda.anaconda.org/conda-forge/linux-64/libsqlite-3.42.0-h2797004_0.conda#fdaae20a1cf7cd62130a0973190a31b7
https://conda.anaconda.org/conda-forge/linux-64/libxcb-1.13-h7f98852_1004.tar.bz2#b3653fdc58d03face9724f602218a904
https://conda.anaconda.org/conda-forge/linux-64/libxml2-2.11.4-h0d562d8_0.conda#e46fad17d5fb57316b956f88dca765e4
https://conda.anaconda.org/conda-forge/linux-64/mpfr-4.2.0-hb012696_0.conda#14d87bdff2cbd3b1179a29fb316ed743
https://conda.anaconda.org/conda-forge/linux-64/pcre2-10.40-hc3806b6_0.tar.bz2#69e2c796349cd9b273890bee0febfe1b
https://conda.anaconda.org/conda-forge/linux-64/readline-8.2-h8228510_1.conda#47d31b792659ce70f470b5c82fdfb7a4
https://conda.anaconda.org/conda-forge/linux-64/tk-8.6.12-h27826a3_0.tar.bz2#5b8c42eb62e9fc961af70bdd6a26e168
https://conda.anaconda.org/conda-forge/linux-64/zlib-1.2.13-h166bdaf_4.tar.bz2#4b11e365c0275b808be78b30f904e295
https://conda.anaconda.org/conda-forge/linux-64/zstd-1.5.2-h3eb15da_6.conda#6b63daed8feeca47be78f323e793d555
https://conda.anaconda.org/conda-forge/linux-64/freetype-2.12.1-hca18f0e_1.conda#e1232042de76d24539a436d37597eb06
https://conda.anaconda.org/conda-forge/linux-64/libglib-2.76.3-hebfc3b9_0.conda#a64f11b244b2c112cd3fa1cbe9493999
https://conda.anaconda.org/conda-forge/linux-64/libhwloc-2.9.1-cuda112_haf10fcf_5.conda#b8996ffa972161676ba6972af4c41384
https://conda.anaconda.org/conda-forge/linux-64/libtiff-4.5.0-h6adf6a1_2.conda#2e648a34072eb39d7c4fc2a9981c5f0c
https://conda.anaconda.org/conda-forge/linux-64/llvm-openmp-16.0.5-h4dfa4b3_0.conda#9441a97b74c692d969ff465ac6c0ccea
https://conda.anaconda.org/conda-forge/linux-64/mpc-1.3.1-hfe3b2da_0.conda#289c71e83dc0daa7d4c81f04180778ca
https://conda.anaconda.org/conda-forge/linux-64/openh264-2.1.1-h780b84a_0.tar.bz2#034a6f90f1bbc7ba11d04b84ec9d74c8
https://conda.anaconda.org/conda-forge/linux-64/python-3.10.11-he550d4f_0_cpython.conda#7439c9d24378a82b73a7a53868dacdf1
https://conda.anaconda.org/conda-forge/noarch/appdirs-1.4.4-pyh9f0ad1d_0.tar.bz2#5f095bc6454094e96f146491fd03633b
https://conda.anaconda.org/conda-forge/noarch/cachy-0.3.0-pyhd8ed1ab_1.tar.bz2#5dfee17f24e2dfd18d7392b48c9351e2
https://conda.anaconda.org/conda-forge/noarch/certifi-2023.5.7-pyhd8ed1ab_0.conda#5d1b71c942b8421285934dad1d891ebc
https://conda.anaconda.org/conda-forge/noarch/cfgv-3.3.1-pyhd8ed1ab_0.tar.bz2#ebb5f5f7dc4f1a3780ef7ea7738db08c
https://conda.anaconda.org/conda-forge/noarch/charset-normalizer-3.1.0-pyhd8ed1ab_0.conda#7fcff9f6f123696e940bda77bd4d6551
https://conda.anaconda.org/conda-forge/noarch/click-8.1.3-unix_pyhd8ed1ab_2.tar.bz2#20e4087407c7cb04a40817114b333dbf
https://conda.anaconda.org/conda-forge/noarch/colorama-0.4.6-pyhd8ed1ab_0.tar.bz2#3faab06a954c2a04039983f2c4a50d99
https://conda.anaconda.org/conda-forge/noarch/crashtest-0.4.1-pyhd8ed1ab_0.tar.bz2#709a2295dd907bb34afb57d54320642f
https://conda.anaconda.org/conda-forge/linux-64/dbus-1.13.6-h5008d03_3.tar.bz2#ecfff944ba3960ecb334b9a2663d708d
https://conda.anaconda.org/conda-forge/noarch/distlib-0.3.6-pyhd8ed1ab_0.tar.bz2#b65b4d50dbd2d50fa0aeac367ec9eed7
https://conda.anaconda.org/conda-forge/linux-64/docutils-0.20.1-py310hff52083_0.conda#741a0de9f26de79576d681d950910781
https://conda.anaconda.org/conda-forge/noarch/exceptiongroup-1.1.1-pyhd8ed1ab_0.conda#7312299d7a0ea4993159229b7d2dceb2
https://conda.anaconda.org/pytorch/linux-64/ffmpeg-4.3-hf484d3e_0.tar.bz2#0b0bf7c3d7e146ef91de5310bbf7a230
https://conda.anaconda.org/conda-forge/noarch/filelock-3.12.0-pyhd8ed1ab_0.conda#650f18a56f366dbf419c15b543592c2d
https://conda.anaconda.org/conda-forge/noarch/fsspec-2023.5.0-pyh1a96a4e_0.conda#20edd290b319aa0eff3e9055375756dc
https://conda.anaconda.org/conda-forge/linux-64/gmpy2-2.1.2-py310h3ec546c_1.tar.bz2#73f6fa50c32ddd985cf5fba7b890a75c
https://conda.anaconda.org/conda-forge/noarch/idna-3.4-pyhd8ed1ab_0.tar.bz2#34272b248891bddccc64479f9a7fffed
https://conda.anaconda.org/conda-forge/noarch/iniconfig-2.0.0-pyhd8ed1ab_0.conda#f800d2da156d08e289b14e87e43c1ae5
https://conda.anaconda.org/conda-forge/noarch/jeepney-0.8.0-pyhd8ed1ab_0.tar.bz2#9800ad1699b42612478755a2d26c722d
https://conda.anaconda.org/conda-forge/linux-64/lcms2-2.15-hfd0df8a_0.conda#aa8840cdf17ef0c6084d1e24abc7a28b
https://conda.anaconda.org/conda-forge/noarch/lockfile-0.12.2-py_1.tar.bz2#c104d98e09c47519950cffb8dd5b4f10
https://conda.anaconda.org/conda-forge/linux-64/markupsafe-2.1.3-py310h2372a71_0.conda#5597d9f9778af6883ae64f0e7d39416c
https://conda.anaconda.org/conda-forge/noarch/mdurl-0.1.0-pyhd8ed1ab_0.tar.bz2#f8dab71fdc13b1bf29a01248b156d268
https://conda.anaconda.org/conda-forge/noarch/more-itertools-9.1.0-pyhd8ed1ab_0.conda#1698a717f83cfecf644a877c174c84bd
https://conda.anaconda.org/conda-forge/noarch/mpmath-1.3.0-pyhd8ed1ab_0.conda#dbf6e2d89137da32fa6670f3bffc024e
https://conda.anaconda.org/conda-forge/linux-64/msgpack-python-1.0.5-py310hdf3cbec_0.conda#5311a49aaea44b73935c84a6d9a68e5f
https://conda.anaconda.org/conda-forge/noarch/networkx-3.1-pyhd8ed1ab_0.conda#254f787d5068bc89f578bf63893ce8b4
https://conda.anaconda.org/conda-forge/linux-64/openjpeg-2.5.0-hfec8fc6_2.conda#5ce6a42505c6e9e6151c54c3ec8d68ea
https://conda.anaconda.org/conda-forge/noarch/packaging-23.1-pyhd8ed1ab_0.conda#91cda59e66e1e4afe9476f8ef98f5c30
https://conda.anaconda.org/conda-forge/noarch/pastel-0.2.1-pyhd8ed1ab_0.tar.bz2#a4eea5bff523f26442405bc5d1f52adb
https://conda.anaconda.org/conda-forge/noarch/pkginfo-1.9.6-pyhd8ed1ab_0.conda#be1e9f1c65a1ed0f2ae9352fec99db64
https://conda.anaconda.org/conda-forge/noarch/pluggy-1.0.0-pyhd8ed1ab_5.tar.bz2#7d301a0d25f424d96175f810935f0da9
https://conda.anaconda.org/conda-forge/noarch/pycparser-2.21-pyhd8ed1ab_0.tar.bz2#076becd9e05608f8dc72757d5f3a91ff
https://conda.anaconda.org/conda-forge/noarch/pygments-2.15.1-pyhd8ed1ab_0.conda#d316679235612869eba305aa7d41d9bf
https://conda.anaconda.org/conda-forge/noarch/pylev-1.4.0-pyhd8ed1ab_0.tar.bz2#edf8651c4379d9d1495ad6229622d150
https://conda.anaconda.org/conda-forge/noarch/pysocks-1.7.1-pyha2e5f31_6.tar.bz2#2a7de29fb590ca14b5243c4c812c8025
https://conda.anaconda.org/conda-forge/linux-64/pyyaml-6.0-py310h5764c6d_5.tar.bz2#9e68d2ff6d98737c855b65f48dd3c597
https://conda.anaconda.org/conda-forge/noarch/rfc3986-2.0.0-pyhd8ed1ab_0.tar.bz2#d337886e38f965bf97aaec382ff6db00
https://conda.anaconda.org/conda-forge/linux-64/ruamel.yaml.clib-0.2.7-py310h1fa729e_1.conda#2f9b517412af46255cef5e53a22c264e
https://conda.anaconda.org/conda-forge/noarch/setuptools-67.7.2-pyhd8ed1ab_0.conda#3b68bc43ec6baa48f7354a446267eefe
https://conda.anaconda.org/conda-forge/noarch/six-1.16.0-pyh6c4a22f_0.tar.bz2#e5f25f8dbc060e9a8d912e432202afc2
https://conda.anaconda.org/conda-forge/noarch/smmap-3.0.5-pyh44b312d_0.tar.bz2#3a8dc70789709aa315325d5df06fb7e4
https://conda.anaconda.org/conda-forge/linux-64/tbb-2021.9.0-hf52228f_0.conda#f495e42d3d2020b025705625edf35490
https://conda.anaconda.org/conda-forge/noarch/toml-0.10.2-pyhd8ed1ab_0.tar.bz2#f832c45a477c78bebd107098db465095
https://conda.anaconda.org/conda-forge/noarch/tomli-2.0.1-pyhd8ed1ab_0.tar.bz2#5844808ffab9ebdb694585b50ba02a96
https://conda.anaconda.org/conda-forge/noarch/tomlkit-0.11.8-pyha770c72_0.conda#75838e8556166263a82038b51d01d5f1
https://conda.anaconda.org/conda-forge/noarch/toolz-0.12.0-pyhd8ed1ab_0.tar.bz2#92facfec94bc02d6ccf42e7173831a36
https://conda.anaconda.org/conda-forge/noarch/typing-3.10.0.0-pyhd8ed1ab_0.tar.bz2#e6573ac68718f17b9d4f5c8eda3190f2
https://conda.anaconda.org/conda-forge/noarch/typing_extensions-4.6.3-pyha770c72_0.conda#4a3014a4d107d15475d106b751c4e352
https://conda.anaconda.org/conda-forge/noarch/webencodings-0.5.1-py_1.tar.bz2#3563be4c5611a44210d9ba0c16113136
https://conda.anaconda.org/conda-forge/noarch/zipp-3.15.0-pyhd8ed1ab_0.conda#13018819ca8f5b7cc675a8faf1f5fedf
https://conda.anaconda.org/conda-forge/noarch/bleach-6.0.0-pyhd8ed1ab_0.conda#d48b143d01385872a88ef8417e96c30e
https://conda.anaconda.org/conda-forge/linux-64/cffi-1.15.1-py310h255011f_3.conda#800596144bb613cd7ac58b80900ce835
https://conda.anaconda.org/conda-forge/noarch/click-default-group-1.2.2-pyhd8ed1ab_1.tar.bz2#72a46ffc25701c173932fd55cf0965d3
https://conda.anaconda.org/conda-forge/noarch/clikit-0.6.2-pyhd8ed1ab_2.conda#02abb7b66b02e8b9f5a9b05454400087
https://conda.anaconda.org/conda-forge/linux-64/coverage-7.2.5-py310h2372a71_0.conda#a3839735b20af673095e061e14bd3a52
https://conda.anaconda.org/conda-forge/noarch/gitdb-4.0.10-pyhd8ed1ab_0.conda#3706d2f3d7cb5dae600c833345a76132
https://conda.anaconda.org/conda-forge/noarch/html5lib-1.1-pyh9f0ad1d_0.tar.bz2#b2355343d6315c892543200231d7154a
https://conda.anaconda.org/conda-forge/noarch/importlib-metadata-6.6.0-pyha770c72_0.conda#f91a5d5175fb7ff2a91952ec7da59cb9
https://conda.anaconda.org/conda-forge/noarch/jaraco.classes-3.2.3-pyhd8ed1ab_0.tar.bz2#31e4a1506968d017229bdb64695013a1
https://conda.anaconda.org/conda-forge/noarch/jinja2-3.1.2-pyhd8ed1ab_1.tar.bz2#c8490ed5c70966d232fdd389d0dbed37
https://conda.anaconda.org/conda-forge/linux-64/lexid-2021.1006-py310hff52083_6.tar.bz2#1cca8ebf7c08c456f4dbc9ce859eb8a9
https://conda.anaconda.org/conda-forge/noarch/lightning-utilities-0.8.0-pyhd8ed1ab_0.conda#ad16f58b64d3b41f4cbb75040b06c9cc
https://conda.anaconda.org/conda-forge/noarch/markdown-it-py-2.2.0-pyhd8ed1ab_0.conda#b2928a6c6d52d7e3562b4a59c3214e3a
https://conda.anaconda.org/conda-forge/linux-64/mkl-2022.2.1-h84fe81f_16997.conda#a7ce56d5757f5b57e7daabe703ade5bb
https://conda.anaconda.org/conda-forge/noarch/nodeenv-1.8.0-pyhd8ed1ab_0.conda#2a75b296096adabbabadd5e9782e5fcc
https://conda.anaconda.org/conda-forge/linux-64/pathlib2-2.3.7.post1-py310hff52083_2.tar.bz2#35642c103cbd6bb40dcfb78ad3884504
https://conda.anaconda.org/conda-forge/noarch/pep517-0.13.0-pyhd8ed1ab_0.tar.bz2#d94aa03d99d8adc9898f783eba0d84d2
https://conda.anaconda.org/conda-forge/linux-64/pillow-9.4.0-py310h023d228_1.conda#bbea829b541aa15df5c65bd40b8c1981
https://conda.anaconda.org/conda-forge/linux-64/ruamel.yaml-0.17.31-py310h2372a71_0.conda#41e89112e1ec653fb3e62240d06a0e61
https://conda.anaconda.org/conda-forge/noarch/sympy-1.12-pypyh9d50eac_103.conda#2f7d6347d7acf6edf1ac7f2189f44c8f
https://conda.anaconda.org/conda-forge/noarch/tqdm-4.65.0-pyhd8ed1ab_1.conda#ed792aff3acb977d09c7013358097f83
https://conda.anaconda.org/conda-forge/noarch/typing-extensions-4.6.3-hd8ed1ab_0.conda#3876f650ed7d0f95d70fa4b647621909
https://conda.anaconda.org/conda-forge/linux-64/blas-1.0-mkl.tar.bz2#349aef876b1d8c9dccae01de20d5b385
https://conda.anaconda.org/conda-forge/linux-64/brotlipy-0.7.0-py310h5764c6d_1005.tar.bz2#87669c3468dff637bbd0363bc0f895cf
https://conda.anaconda.org/conda-forge/noarch/build-0.7.0-pyhd8ed1ab_0.tar.bz2#add7f31586d03678695b32b78a1337a1
https://conda.anaconda.org/conda-forge/noarch/bumpver-2022.1120-pyhd8ed1ab_0.conda#35fad17c1f8e27aac089c12be10094e3
https://conda.anaconda.org/conda-forge/linux-64/cmarkgfm-0.8.0-py310h5764c6d_2.tar.bz2#31a6db0b8cd74db7a3d4fdaceab55e1b
https://conda.anaconda.org/conda-forge/linux-64/cryptography-41.0.1-py310h75e40e8_0.conda#bd5501a8ae0df5ef36b9ed03035ebe3a
https://conda.anaconda.org/conda-forge/noarch/gitpython-3.1.31-pyhd8ed1ab_0.conda#f6e6b482110246a81c3f03e81c68752d
https://conda.anaconda.org/conda-forge/noarch/importlib_metadata-6.6.0-hd8ed1ab_0.conda#3cbc9615f10a3d471532b83e4250b971
https://conda.anaconda.org/conda-forge/linux-64/libblas-3.9.0-16_linux64_mkl.tar.bz2#85f61af03fd291dae33150ffe89dc09a
https://conda.anaconda.org/conda-forge/noarch/platformdirs-3.5.1-pyhd8ed1ab_0.conda#e2be672aece1f060adf7154f76531a35
https://conda.anaconda.org/conda-forge/linux-64/pydantic-1.10.8-py310h2372a71_0.conda#38ba96ab3cb505a83ca294a82aa95f6a
https://conda.anaconda.org/conda-forge/noarch/pytest-7.3.1-pyhd8ed1ab_0.conda#547c7de697ec99b494a28ddde185b5a4
https://conda.anaconda.org/conda-forge/noarch/rich-13.4.1-pyhd8ed1ab_0.conda#c3bcbe0d086f15e5918568d3865e4dbf
https://conda.anaconda.org/conda-forge/linux-64/ukkonen-1.0.1-py310hbf28c38_3.tar.bz2#703ff1ac7d1b27fb5944b8052b5d1edb
https://conda.anaconda.org/conda-forge/noarch/identify-2.5.24-pyhd8ed1ab_0.conda#a4085ab0562d5081a9333435837b538a
https://conda.anaconda.org/conda-forge/linux-64/libcblas-3.9.0-16_linux64_mkl.tar.bz2#361bf757b95488de76c4f123805742d3
https://conda.anaconda.org/conda-forge/linux-64/liblapack-3.9.0-16_linux64_mkl.tar.bz2#a2f166748917d6d6e4707841ca1f519e
https://conda.anaconda.org/conda-forge/noarch/pyopenssl-23.2.0-pyhd8ed1ab_1.conda#34f7d568bf59d18e3fef8c405cbece21
https://conda.anaconda.org/conda-forge/noarch/pytest-cov-4.0.0-pyhd8ed1ab_0.tar.bz2#c9e3f8bfdb9bfc34aa1836a6ed4b25d7
https://conda.anaconda.org/conda-forge/noarch/readme_renderer-37.3-pyhd8ed1ab_0.tar.bz2#82e8ab317fe8f1d2a944688438dce868
https://conda.anaconda.org/conda-forge/linux-64/secretstorage-3.3.3-py310hff52083_1.tar.bz2#e135d0e3bbb226e8d53d31b4e4f6d93c
https://conda.anaconda.org/conda-forge/noarch/virtualenv-20.23.0-pyhd8ed1ab_0.conda#a920e114c4c2ced2280e266da65ab5e6
https://conda.anaconda.org/conda-forge/linux-64/keyring-23.13.1-py310hff52083_0.conda#85da2982e8456156e2f38e6a3f75cd89
https://conda.anaconda.org/conda-forge/linux-64/numpy-1.24.3-py310ha4c1d20_0.conda#844b150744d30f256d7937f3f60fcd2f
https://conda.anaconda.org/conda-forge/noarch/pre-commit-3.3.2-pyha770c72_0.conda#dbb0111b18ea5c9983fb8db0aef6000b
https://conda.anaconda.org/conda-forge/noarch/urllib3-1.26.15-pyhd8ed1ab_0.conda#27db656619a55d727eaf5a6ece3d2fd6
https://conda.anaconda.org/conda-forge/noarch/requests-2.31.0-pyhd8ed1ab_0.conda#a30144e4156cdbb236f99ebb49828f8b
https://conda.anaconda.org/conda-forge/noarch/cachecontrol-0.13.0-pyhd8ed1ab_0.conda#9f0b2eb5f5dd2cec36d5342a80adfec0
https://conda.anaconda.org/conda-forge/noarch/ensureconda-1.4.3-pyhd8ed1ab_0.tar.bz2#c99ae3abf501990769047b4b40a98f17
https://conda.anaconda.org/conda-forge/noarch/requests-toolbelt-1.0.0-pyhd8ed1ab_0.conda#99c98318c8646b08cc764f90ce98906e
https://conda.anaconda.org/conda-forge/noarch/cachecontrol-with-filecache-0.13.0-pyhd8ed1ab_0.conda#3fd3d55ea862cc0736ac1cce6f44c2d1
https://conda.anaconda.org/conda-forge/noarch/twine-4.0.2-pyhd8ed1ab_0.conda#e3a16168d6b9deefb8c1caa7943fb49e
https://conda.anaconda.org/conda-forge/noarch/conda-lock-2.0.0-pyhd8ed1ab_0.conda#b21d640094b5b8acb270334b5950cc74
https://conda.anaconda.org/pytorch/linux-64/pytorch-2.0.1-py3.10_cuda11.7_cudnn8.5.0_0.tar.bz2#e5c007bf33477de65641018c642bf9f7
https://conda.anaconda.org/conda-forge/noarch/torchmetrics-0.11.4-pyhd8ed1ab_0.conda#480cb2b6d502003e937d9e4326bc398f
https://conda.anaconda.org/pytorch/linux-64/torchtriton-2.0.0-py310.tar.bz2#e34aa90f6d7c20babf28fc9225b2a3eb
https://conda.anaconda.org/pytorch/linux-64/torchvision-0.15.2-py310_cu117.tar.bz2#58400141f49be711b56477c04f7af686
https://conda.anaconda.org/conda-forge/noarch/pytorch-lightning-2.0.2-pyhd8ed1ab_0.conda#abd4916f586ae33b56d1e2b44a7990aa
